// !$*UTF8*$!
{
	archiveVersion = 1;
	classes = {
	};
	objectVersion = 55;
	objects = {

/* Begin PBXBuildFile section */
		5AD90E322A60F4FE0039AF05 /* AppDelegate.m in Sources */ = {isa = PBXBuildFile; fileRef = 5AD90E312A60F4FE0039AF05 /* AppDelegate.m */; };
		5AD90E352A60F4FE0039AF05 /* SceneDelegate.m in Sources */ = {isa = PBXBuildFile; fileRef = 5AD90E342A60F4FE0039AF05 /* SceneDelegate.m */; };
		5AD90E382A60F4FE0039AF05 /* ViewController.m in Sources */ = {isa = PBXBuildFile; fileRef = 5AD90E372A60F4FE0039AF05 /* ViewController.m */; };
		5AD90E3B2A60F4FE0039AF05 /* Main.storyboard in Resources */ = {isa = PBXBuildFile; fileRef = 5AD90E392A60F4FE0039AF05 /* Main.storyboard */; };
		5AD90E3D2A60F5020039AF05 /* Assets.xcassets in Resources */ = {isa = PBXBuildFile; fileRef = 5AD90E3C2A60F5020039AF05 /* Assets.xcassets */; };
		5AD90E402A60F5020039AF05 /* LaunchScreen.storyboard in Resources */ = {isa = PBXBuildFile; fileRef = 5AD90E3E2A60F5020039AF05 /* LaunchScreen.storyboard */; };
		5AD90E432A60F5020039AF05 /* main.m in Sources */ = {isa = PBXBuildFile; fileRef = 5AD90E422A60F5020039AF05 /* main.m */; };
		5AD90E4D2A60F5020039AF05 /* CodeStudyTests.m in Sources */ = {isa = PBXBuildFile; fileRef = 5AD90E4C2A60F5020039AF05 /* CodeStudyTests.m */; };
		5AD90E572A60F5020039AF05 /* CodeStudyUITests.m in Sources */ = {isa = PBXBuildFile; fileRef = 5AD90E562A60F5020039AF05 /* CodeStudyUITests.m */; };
		5AD90E592A60F5020039AF05 /* CodeStudyUITestsLaunchTests.m in Sources */ = {isa = PBXBuildFile; fileRef = 5AD90E582A60F5020039AF05 /* CodeStudyUITestsLaunchTests.m */; };
/* End PBXBuildFile section */

/* Begin PBXContainerItemProxy section */
		5AD90E492A60F5020039AF05 /* PBXContainerItemProxy */ = {
			isa = PBXContainerItemProxy;
			containerPortal = 5AD90E252A60F4FE0039AF05 /* Project object */;
			proxyType = 1;
			remoteGlobalIDString = 5AD90E2C2A60F4FE0039AF05;
			remoteInfo = CodeStudy;
		};
		5AD90E532A60F5020039AF05 /* PBXContainerItemProxy */ = {
			isa = PBXContainerItemProxy;
			containerPortal = 5AD90E252A60F4FE0039AF05 /* Project object */;
			proxyType = 1;
			remoteGlobalIDString = 5AD90E2C2A60F4FE0039AF05;
			remoteInfo = CodeStudy;
		};
/* End PBXContainerItemProxy section */

/* Begin PBXFileReference section */
		5AD90E2D2A60F4FE0039AF05 /* CodeStudy.app */ = {isa = PBXFileReference; explicitFileType = wrapper.application; includeInIndex = 0; path = CodeStudy.app; sourceTree = BUILT_PRODUCTS_DIR; };
		5AD90E302A60F4FE0039AF05 /* AppDelegate.h */ = {isa = PBXFileReference; lastKnownFileType = sourcecode.c.h; path = AppDelegate.h; sourceTree = "<group>"; };
		5AD90E312A60F4FE0039AF05 /* AppDelegate.m */ = {isa = PBXFileReference; lastKnownFileType = sourcecode.c.objc; path = AppDelegate.m; sourceTree = "<group>"; };
		5AD90E332A60F4FE0039AF05 /* SceneDelegate.h */ = {isa = PBXFileReference; lastKnownFileType = sourcecode.c.h; path = SceneDelegate.h; sourceTree = "<group>"; };
		5AD90E342A60F4FE0039AF05 /* SceneDelegate.m */ = {isa = PBXFileReference; lastKnownFileType = sourcecode.c.objc; path = SceneDelegate.m; sourceTree = "<group>"; };
		5AD90E362A60F4FE0039AF05 /* ViewController.h */ = {isa = PBXFileReference; lastKnownFileType = sourcecode.c.h; path = ViewController.h; sourceTree = "<group>"; };
		5AD90E372A60F4FE0039AF05 /* ViewController.m */ = {isa = PBXFileReference; lastKnownFileType = sourcecode.c.objc; path = ViewController.m; sourceTree = "<group>"; };
		5AD90E3A2A60F4FE0039AF05 /* Base */ = {isa = PBXFileReference; lastKnownFileType = file.storyboard; name = Base; path = Base.lproj/Main.storyboard; sourceTree = "<group>"; };
		5AD90E3C2A60F5020039AF05 /* Assets.xcassets */ = {isa = PBXFileReference; lastKnownFileType = folder.assetcatalog; path = Assets.xcassets; sourceTree = "<group>"; };
		5AD90E3F2A60F5020039AF05 /* Base */ = {isa = PBXFileReference; lastKnownFileType = file.storyboard; name = Base; path = Base.lproj/LaunchScreen.storyboard; sourceTree = "<group>"; };
		5AD90E412A60F5020039AF05 /* Info.plist */ = {isa = PBXFileReference; lastKnownFileType = text.plist.xml; path = Info.plist; sourceTree = "<group>"; };
		5AD90E422A60F5020039AF05 /* main.m */ = {isa = PBXFileReference; lastKnownFileType = sourcecode.c.objc; path = main.m; sourceTree = "<group>"; };
		5AD90E482A60F5020039AF05 /* CodeStudyTests.xctest */ = {isa = PBXFileReference; explicitFileType = wrapper.cfbundle; includeInIndex = 0; path = CodeStudyTests.xctest; sourceTree = BUILT_PRODUCTS_DIR; };
		5AD90E4C2A60F5020039AF05 /* CodeStudyTests.m */ = {isa = PBXFileReference; lastKnownFileType = sourcecode.c.objc; path = CodeStudyTests.m; sourceTree = "<group>"; };
		5AD90E522A60F5020039AF05 /* CodeStudyUITests.xctest */ = {isa = PBXFileReference; explicitFileType = wrapper.cfbundle; includeInIndex = 0; path = CodeStudyUITests.xctest; sourceTree = BUILT_PRODUCTS_DIR; };
		5AD90E562A60F5020039AF05 /* CodeStudyUITests.m */ = {isa = PBXFileReference; lastKnownFileType = sourcecode.c.objc; path = CodeStudyUITests.m; sourceTree = "<group>"; };
		5AD90E582A60F5020039AF05 /* CodeStudyUITestsLaunchTests.m */ = {isa = PBXFileReference; lastKnownFileType = sourcecode.c.objc; path = CodeStudyUITestsLaunchTests.m; sourceTree = "<group>"; };
/* End PBXFileReference section */

/* Begin PBXFrameworksBuildPhase section */
		5AD90E2A2A60F4FE0039AF05 /* Frameworks */ = {
			isa = PBXFrameworksBuildPhase;
			buildActionMask = 2147483647;
			files = (
			);
			runOnlyForDeploymentPostprocessing = 0;
		};
		5AD90E452A60F5020039AF05 /* Frameworks */ = {
			isa = PBXFrameworksBuildPhase;
			buildActionMask = 2147483647;
			files = (
			);
			runOnlyForDeploymentPostprocessing = 0;
		};
		5AD90E4F2A60F5020039AF05 /* Frameworks */ = {
			isa = PBXFrameworksBuildPhase;
			buildActionMask = 2147483647;
			files = (
			);
			runOnlyForDeploymentPostprocessing = 0;
		};
/* End PBXFrameworksBuildPhase section */

/* Begin PBXGroup section */
		5AD90E242A60F4FE0039AF05 = {
			isa = PBXGroup;
			children = (
				5AD90E2F2A60F4FE0039AF05 /* CodeStudy */,
				5AD90E4B2A60F5020039AF05 /* CodeStudyTests */,
				5AD90E552A60F5020039AF05 /* CodeStudyUITests */,
				5AD90E2E2A60F4FE0039AF05 /* Products */,
			);
			sourceTree = "<group>";
		};
		5AD90E2E2A60F4FE0039AF05 /* Products */ = {
			isa = PBXGroup;
			children = (
				5AD90E2D2A60F4FE0039AF05 /* CodeStudy.app */,
				5AD90E482A60F5020039AF05 /* CodeStudyTests.xctest */,
				5AD90E522A60F5020039AF05 /* CodeStudyUITests.xctest */,
			);
			name = Products;
			sourceTree = "<group>";
		};
		5AD90E2F2A60F4FE0039AF05 /* CodeStudy */ = {
			isa = PBXGroup;
			children = (
				5AD90E302A60F4FE0039AF05 /* AppDelegate.h */,
				5AD90E312A60F4FE0039AF05 /* AppDelegate.m */,
				5AD90E332A60F4FE0039AF05 /* SceneDelegate.h */,
				5AD90E342A60F4FE0039AF05 /* SceneDelegate.m */,
				5AD90E362A60F4FE0039AF05 /* ViewController.h */,
				5AD90E372A60F4FE0039AF05 /* ViewController.m */,
				5AD90E392A60F4FE0039AF05 /* Main.storyboard */,
				5AD90E3C2A60F5020039AF05 /* Assets.xcassets */,
				5AD90E3E2A60F5020039AF05 /* LaunchScreen.storyboard */,
				5AD90E412A60F5020039AF05 /* Info.plist */,
				5AD90E422A60F5020039AF05 /* main.m */,
			);
			path = CodeStudy;
			sourceTree = "<group>";
		};
		5AD90E4B2A60F5020039AF05 /* CodeStudyTests */ = {
			isa = PBXGroup;
			children = (
				5AD90E4C2A60F5020039AF05 /* CodeStudyTests.m */,
			);
			path = CodeStudyTests;
			sourceTree = "<group>";
		};
		5AD90E552A60F5020039AF05 /* CodeStudyUITests */ = {
			isa = PBXGroup;
			children = (
				5AD90E562A60F5020039AF05 /* CodeStudyUITests.m */,
				5AD90E582A60F5020039AF05 /* CodeStudyUITestsLaunchTests.m */,
			);
			path = CodeStudyUITests;
			sourceTree = "<group>";
		};
/* End PBXGroup section */

/* Begin PBXNativeTarget section */
		5AD90E2C2A60F4FE0039AF05 /* CodeStudy */ = {
			isa = PBXNativeTarget;
			buildConfigurationList = 5AD90E5C2A60F5020039AF05 /* Build configuration list for PBXNativeTarget "CodeStudy" */;
			buildPhases = (
				5AD90E292A60F4FE0039AF05 /* Sources */,
				5AD90E2A2A60F4FE0039AF05 /* Frameworks */,
				5AD90E2B2A60F4FE0039AF05 /* Resources */,
			);
			buildRules = (
			);
			dependencies = (
			);
			name = CodeStudy;
			productName = CodeStudy;
			productReference = 5AD90E2D2A60F4FE0039AF05 /* CodeStudy.app */;
			productType = "com.apple.product-type.application";
		};
		5AD90E472A60F5020039AF05 /* CodeStudyTests */ = {
			isa = PBXNativeTarget;
			buildConfigurationList = 5AD90E5F2A60F5020039AF05 /* Build configuration list for PBXNativeTarget "CodeStudyTests" */;
			buildPhases = (
				5AD90E442A60F5020039AF05 /* Sources */,
				5AD90E452A60F5020039AF05 /* Frameworks */,
				5AD90E462A60F5020039AF05 /* Resources */,
			);
			buildRules = (
			);
			dependencies = (
				5AD90E4A2A60F5020039AF05 /* PBXTargetDependency */,
			);
			name = CodeStudyTests;
			productName = CodeStudyTests;
			productReference = 5AD90E482A60F5020039AF05 /* CodeStudyTests.xctest */;
			productType = "com.apple.product-type.bundle.unit-test";
		};
		5AD90E512A60F5020039AF05 /* CodeStudyUITests */ = {
			isa = PBXNativeTarget;
			buildConfigurationList = 5AD90E622A60F5020039AF05 /* Build configuration list for PBXNativeTarget "CodeStudyUITests" */;
			buildPhases = (
				5AD90E4E2A60F5020039AF05 /* Sources */,
				5AD90E4F2A60F5020039AF05 /* Frameworks */,
				5AD90E502A60F5020039AF05 /* Resources */,
			);
			buildRules = (
			);
			dependencies = (
				5AD90E542A60F5020039AF05 /* PBXTargetDependency */,
			);
			name = CodeStudyUITests;
			productName = CodeStudyUITests;
			productReference = 5AD90E522A60F5020039AF05 /* CodeStudyUITests.xctest */;
			productType = "com.apple.product-type.bundle.ui-testing";
		};
/* End PBXNativeTarget section */

/* Begin PBXProject section */
		5AD90E252A60F4FE0039AF05 /* Project object */ = {
			isa = PBXProject;
			attributes = {
				BuildIndependentTargetsInParallel = 1;
				LastUpgradeCheck = 1340;
				TargetAttributes = {
					5AD90E2C2A60F4FE0039AF05 = {
						CreatedOnToolsVersion = 13.4.1;
					};
					5AD90E472A60F5020039AF05 = {
						CreatedOnToolsVersion = 13.4.1;
						TestTargetID = 5AD90E2C2A60F4FE0039AF05;
					};
					5AD90E512A60F5020039AF05 = {
						CreatedOnToolsVersion = 13.4.1;
						TestTargetID = 5AD90E2C2A60F4FE0039AF05;
					};
				};
			};
			buildConfigurationList = 5AD90E282A60F4FE0039AF05 /* Build configuration list for PBXProject "CodeStudy" */;
			compatibilityVersion = "Xcode 13.0";
			developmentRegion = en;
			hasScannedForEncodings = 0;
			knownRegions = (
				en,
				Base,
			);
			mainGroup = 5AD90E242A60F4FE0039AF05;
			productRefGroup = 5AD90E2E2A60F4FE0039AF05 /* Products */;
			projectDirPath = "";
			projectRoot = "";
			targets = (
				5AD90E2C2A60F4FE0039AF05 /* CodeStudy */,
				5AD90E472A60F5020039AF05 /* CodeStudyTests */,
				5AD90E512A60F5020039AF05 /* CodeStudyUITests */,
			);
		};
/* End PBXProject section */

/* Begin PBXResourcesBuildPhase section */
		5AD90E2B2A60F4FE0039AF05 /* Resources */ = {
			isa = PBXResourcesBuildPhase;
			buildActionMask = 2147483647;
			files = (
				5AD90E402A60F5020039AF05 /* LaunchScreen.storyboard in Resources */,
				5AD90E3D2A60F5020039AF05 /* Assets.xcassets in Resources */,
				5AD90E3B2A60F4FE0039AF05 /* Main.storyboard in Resources */,
			);
			runOnlyForDeploymentPostprocessing = 0;
		};
		5AD90E462A60F5020039AF05 /* Resources */ = {
			isa = PBXResourcesBuildPhase;
			buildActionMask = 2147483647;
			files = (
			);
			runOnlyForDeploymentPostprocessing = 0;
		};
		5AD90E502A60F5020039AF05 /* Resources */ = {
			isa = PBXResourcesBuildPhase;
			buildActionMask = 2147483647;
			files = (
			);
			runOnlyForDeploymentPostprocessing = 0;
		};
/* End PBXResourcesBuildPhase section */

/* Begin PBXSourcesBuildPhase section */
		5AD90E292A60F4FE0039AF05 /* Sources */ = {
			isa = PBXSourcesBuildPhase;
			buildActionMask = 2147483647;
			files = (
				5AD90E382A60F4FE0039AF05 /* ViewController.m in Sources */,
				5AD90E322A60F4FE0039AF05 /* AppDelegate.m in Sources */,
				5AD90E432A60F5020039AF05 /* main.m in Sources */,
				5AD90E352A60F4FE0039AF05 /* SceneDelegate.m in Sources */,
			);
			runOnlyForDeploymentPostprocessing = 0;
		};
		5AD90E442A60F5020039AF05 /* Sources */ = {
			isa = PBXSourcesBuildPhase;
			buildActionMask = 2147483647;
			files = (
				5AD90E4D2A60F5020039AF05 /* CodeStudyTests.m in Sources */,
			);
			runOnlyForDeploymentPostprocessing = 0;
		};
		5AD90E4E2A60F5020039AF05 /* Sources */ = {
			isa = PBXSourcesBuildPhase;
			buildActionMask = 2147483647;
			files = (
				5AD90E572A60F5020039AF05 /* CodeStudyUITests.m in Sources */,
				5AD90E592A60F5020039AF05 /* CodeStudyUITestsLaunchTests.m in Sources */,
			);
			runOnlyForDeploymentPostprocessing = 0;
		};
/* End PBXSourcesBuildPhase section */

/* Begin PBXTargetDependency section */
		5AD90E4A2A60F5020039AF05 /* PBXTargetDependency */ = {
			isa = PBXTargetDependency;
			target = 5AD90E2C2A60F4FE0039AF05 /* CodeStudy */;
			targetProxy = 5AD90E492A60F5020039AF05 /* PBXContainerItemProxy */;
		};
		5AD90E542A60F5020039AF05 /* PBXTargetDependency */ = {
			isa = PBXTargetDependency;
			target = 5AD90E2C2A60F4FE0039AF05 /* CodeStudy */;
			targetProxy = 5AD90E532A60F5020039AF05 /* PBXContainerItemProxy */;
		};
/* End PBXTargetDependency section */

/* Begin PBXVariantGroup section */
		5AD90E392A60F4FE0039AF05 /* Main.storyboard */ = {
			isa = PBXVariantGroup;
			children = (
				5AD90E3A2A60F4FE0039AF05 /* Base */,
			);
			name = Main.storyboard;
			sourceTree = "<group>";
		};
		5AD90E3E2A60F5020039AF05 /* LaunchScreen.storyboard */ = {
			isa = PBXVariantGroup;
			children = (
				5AD90E3F2A60F5020039AF05 /* Base */,
			);
			name = LaunchScreen.storyboard;
			sourceTree = "<group>";
		};
/* End PBXVariantGroup section */

/* Begin XCBuildConfiguration section */
		5AD90E5A2A60F5020039AF05 /* Debug */ = {
			isa = XCBuildConfiguration;
			buildSettings = {
				ALWAYS_SEARCH_USER_PATHS = NO;
				CLANG_ANALYZER_NONNULL = YES;
				CLANG_ANALYZER_NUMBER_OBJECT_CONVERSION = YES_AGGRESSIVE;
				CLANG_CXX_LANGUAGE_STANDARD = "gnu++17";
				CLANG_ENABLE_MODULES = YES;
				CLANG_ENABLE_OBJC_ARC = YES;
				CLANG_ENABLE_OBJC_WEAK = YES;
				CLANG_WARN_BLOCK_CAPTURE_AUTORELEASING = YES;
				CLANG_WARN_BOOL_CONVERSION = YES;
				CLANG_WARN_COMMA = YES;
				CLANG_WARN_CONSTANT_CONVERSION = YES;
				CLANG_WARN_DEPRECATED_OBJC_IMPLEMENTATIONS = YES;
				CLANG_WARN_DIRECT_OBJC_ISA_USAGE = YES_ERROR;
				CLANG_WARN_DOCUMENTATION_COMMENTS = YES;
				CLANG_WARN_EMPTY_BODY = YES;
				CLANG_WARN_ENUM_CONVERSION = YES;
				CLANG_WARN_INFINITE_RECURSION = YES;
				CLANG_WARN_INT_CONVERSION = YES;
				CLANG_WARN_NON_LITERAL_NULL_CONVERSION = YES;
				CLANG_WARN_OBJC_IMPLICIT_RETAIN_SELF = YES;
				CLANG_WARN_OBJC_LITERAL_CONVERSION = YES;
				CLANG_WARN_OBJC_ROOT_CLASS = YES_ERROR;
				CLANG_WARN_QUOTED_INCLUDE_IN_FRAMEWORK_HEADER = YES;
				CLANG_WARN_RANGE_LOOP_ANALYSIS = YES;
				CLANG_WARN_STRICT_PROTOTYPES = YES;
				CLANG_WARN_SUSPICIOUS_MOVE = YES;
				CLANG_WARN_UNGUARDED_AVAILABILITY = YES_AGGRESSIVE;
				CLANG_WARN_UNREACHABLE_CODE = YES;
				CLANG_WARN__DUPLICATE_METHOD_MATCH = YES;
				COPY_PHASE_STRIP = NO;
				DEBUG_INFORMATION_FORMAT = dwarf;
				ENABLE_STRICT_OBJC_MSGSEND = YES;
				ENABLE_TESTABILITY = YES;
				GCC_C_LANGUAGE_STANDARD = gnu11;
				GCC_DYNAMIC_NO_PIC = NO;
				GCC_NO_COMMON_BLOCKS = YES;
				GCC_OPTIMIZATION_LEVEL = 0;
				GCC_PREPROCESSOR_DEFINITIONS = (
					"DEBUG=1",
					"$(inherited)",
				);
				GCC_WARN_64_TO_32_BIT_CONVERSION = YES;
				GCC_WARN_ABOUT_RETURN_TYPE = YES_ERROR;
				GCC_WARN_UNDECLARED_SELECTOR = YES;
				GCC_WARN_UNINITIALIZED_AUTOS = YES_AGGRESSIVE;
				GCC_WARN_UNUSED_FUNCTION = YES;
				GCC_WARN_UNUSED_VARIABLE = YES;
				IPHONEOS_DEPLOYMENT_TARGET = 15.5;
				MTL_ENABLE_DEBUG_INFO = INCLUDE_SOURCE;
				MTL_FAST_MATH = YES;
				ONLY_ACTIVE_ARCH = YES;
				SDKROOT = iphoneos;
			};
			name = Debug;
		};
		5AD90E5B2A60F5020039AF05 /* Release */ = {
			isa = XCBuildConfiguration;
			buildSettings = {
				ALWAYS_SEARCH_USER_PATHS = NO;
				CLANG_ANALYZER_NONNULL = YES;
				CLANG_ANALYZER_NUMBER_OBJECT_CONVERSION = YES_AGGRESSIVE;
				CLANG_CXX_LANGUAGE_STANDARD = "gnu++17";
				CLANG_ENABLE_MODULES = YES;
				CLANG_ENABLE_OBJC_ARC = YES;
				CLANG_ENABLE_OBJC_WEAK = YES;
				CLANG_WARN_BLOCK_CAPTURE_AUTORELEASING = YES;
				CLANG_WARN_BOOL_CONVERSION = YES;
				CLANG_WARN_COMMA = YES;
				CLANG_WARN_CONSTANT_CONVERSION = YES;
				CLANG_WARN_DEPRECATED_OBJC_IMPLEMENTATIONS = YES;
				CLANG_WARN_DIRECT_OBJC_ISA_USAGE = YES_ERROR;
				CLANG_WARN_DOCUMENTATION_COMMENTS = YES;
				CLANG_WARN_EMPTY_BODY = YES;
				CLANG_WARN_ENUM_CONVERSION = YES;
				CLANG_WARN_INFINITE_RECURSION = YES;
				CLANG_WARN_INT_CONVERSION = YES;
				CLANG_WARN_NON_LITERAL_NULL_CONVERSION = YES;
				CLANG_WARN_OBJC_IMPLICIT_RETAIN_SELF = YES;
				CLANG_WARN_OBJC_LITERAL_CONVERSION = YES;
				CLANG_WARN_OBJC_ROOT_CLASS = YES_ERROR;
				CLANG_WARN_QUOTED_INCLUDE_IN_FRAMEWORK_HEADER = YES;
				CLANG_WARN_RANGE_LOOP_ANALYSIS = YES;
				CLANG_WARN_STRICT_PROTOTYPES = YES;
				CLANG_WARN_SUSPICIOUS_MOVE = YES;
				CLANG_WARN_UNGUARDED_AVAILABILITY = YES_AGGRESSIVE;
				CLANG_WARN_UNREACHABLE_CODE = YES;
				CLANG_WARN__DUPLICATE_METHOD_MATCH = YES;
				COPY_PHASE_STRIP = NO;
				DEBUG_INFORMATION_FORMAT = "dwarf-with-dsym";
				ENABLE_NS_ASSERTIONS = NO;
				ENABLE_STRICT_OBJC_MSGSEND = YES;
				GCC_C_LANGUAGE_STANDARD = gnu11;
				GCC_NO_COMMON_BLOCKS = YES;
				GCC_WARN_64_TO_32_BIT_CONVERSION = YES;
				GCC_WARN_ABOUT_RETURN_TYPE = YES_ERROR;
				GCC_WARN_UNDECLARED_SELECTOR = YES;
				GCC_WARN_UNINITIALIZED_AUTOS = YES_AGGRESSIVE;
				GCC_WARN_UNUSED_FUNCTION = YES;
				GCC_WARN_UNUSED_VARIABLE = YES;
				IPHONEOS_DEPLOYMENT_TARGET = 15.5;
				MTL_ENABLE_DEBUG_INFO = NO;
				MTL_FAST_MATH = YES;
				SDKROOT = iphoneos;
				VALIDATE_PRODUCT = YES;
			};
			name = Release;
		};
		5AD90E5D2A60F5020039AF05 /* Debug */ = {
			isa = XCBuildConfiguration;
			buildSettings = {
				ASSETCATALOG_COMPILER_APPICON_NAME = AppIcon;
				ASSETCATALOG_COMPILER_GLOBAL_ACCENT_COLOR_NAME = AccentColor;
				CODE_SIGN_STYLE = Automatic;
				CURRENT_PROJECT_VERSION = 1;
				DEVELOPMENT_TEAM = CCQP63X7K4;
				GENERATE_INFOPLIST_FILE = YES;
				INFOPLIST_FILE = CodeStudy/Info.plist;
				INFOPLIST_KEY_UIApplicationSupportsIndirectInputEvents = YES;
				INFOPLIST_KEY_UILaunchStoryboardName = LaunchScreen;
				INFOPLIST_KEY_UIMainStoryboardFile = Main;
				INFOPLIST_KEY_UISupportedInterfaceOrientations_iPad = "UIInterfaceOrientationPortrait UIInterfaceOrientationPortraitUpsideDown UIInterfaceOrientationLandscapeLeft UIInterfaceOrientationLandscapeRight";
				INFOPLIST_KEY_UISupportedInterfaceOrientations_iPhone = "UIInterfaceOrientationPortrait UIInterfaceOrientationLandscapeLeft UIInterfaceOrientationLandscapeRight";
				LD_RUNPATH_SEARCH_PATHS = (
					"$(inherited)",
					"@executable_path/Frameworks",
				);
				MARKETING_VERSION = 1.0;
				PRODUCT_BUNDLE_IDENTIFIER = com.NingXia.CodeStudy;
				PRODUCT_NAME = "$(TARGET_NAME)";
				SWIFT_EMIT_LOC_STRINGS = YES;
				TARGETED_DEVICE_FAMILY = "1,2";
			};
			name = Debug;
		};
		5AD90E5E2A60F5020039AF05 /* Release */ = {
			isa = XCBuildConfiguration;
			buildSettings = {
				ASSETCATALOG_COMPILER_APPICON_NAME = AppIcon;
				ASSETCATALOG_COMPILER_GLOBAL_ACCENT_COLOR_NAME = AccentColor;
				CODE_SIGN_STYLE = Automatic;
				CURRENT_PROJECT_VERSION = 1;
				DEVELOPMENT_TEAM = CCQP63X7K4;
				GENERATE_INFOPLIST_FILE = YES;
				INFOPLIST_FILE = CodeStudy/Info.plist;
				INFOPLIST_KEY_UIApplicationSupportsIndirectInputEvents = YES;
				INFOPLIST_KEY_UILaunchStoryboardName = LaunchScreen;
				INFOPLIST_KEY_UIMainStoryboardFile = Main;
				INFOPLIST_KEY_UISupportedInterfaceOrientations_iPad = "UIInterfaceOrientationPortrait UIInterfaceOrientationPortraitUpsideDown UIInterfaceOrientationLandscapeLeft UIInterfaceOrientationLandscapeRight";
				INFOPLIST_KEY_UISupportedInterfaceOrientations_iPhone = "UIInterfaceOrientationPortrait UIInterfaceOrientationLandscapeLeft UIInterfaceOrientationLandscapeRight";
				LD_RUNPATH_SEARCH_PATHS = (
					"$(inherited)",
					"@executable_path/Frameworks",
				);
				MARKETING_VERSION = 1.0;
				PRODUCT_BUNDLE_IDENTIFIER = com.NingXia.CodeStudy;
				PRODUCT_NAME = "$(TARGET_NAME)";
				SWIFT_EMIT_LOC_STRINGS = YES;
				TARGETED_DEVICE_FAMILY = "1,2";
			};
			name = Release;
		};
		5AD90E602A60F5020039AF05 /* Debug */ = {
			isa = XCBuildConfiguration;
			buildSettings = {
				BUNDLE_LOADER = "$(TEST_HOST)";
				CODE_SIGN_STYLE = Automatic;
				CURRENT_PROJECT_VERSION = 1;
				DEVELOPMENT_TEAM = CCQP63X7K4;
				GENERATE_INFOPLIST_FILE = YES;
				IPHONEOS_DEPLOYMENT_TARGET = 15.5;
				MARKETING_VERSION = 1.0;
				PRODUCT_BUNDLE_IDENTIFIER = com.NingXia.CodeStudyTests;
				PRODUCT_NAME = "$(TARGET_NAME)";
				SWIFT_EMIT_LOC_STRINGS = NO;
				TARGETED_DEVICE_FAMILY = "1,2";
				TEST_HOST = "$(BUILT_PRODUCTS_DIR)/CodeStudy.app/CodeStudy";
			};
			name = Debug;
		};
		5AD90E612A60F5020039AF05 /* Release */ = {
			isa = XCBuildConfiguration;
			buildSettings = {
				BUNDLE_LOADER = "$(TEST_HOST)";
				CODE_SIGN_STYLE = Automatic;
				CURRENT_PROJECT_VERSION = 1;
				DEVELOPMENT_TEAM = CCQP63X7K4;
				GENERATE_INFOPLIST_FILE = YES;
				IPHONEOS_DEPLOYMENT_TARGET = 15.5;
				MARKETING_VERSION = 1.0;
				PRODUCT_BUNDLE_IDENTIFIER = com.NingXia.CodeStudyTests;
				PRODUCT_NAME = "$(TARGET_NAME)";
				SWIFT_EMIT_LOC_STRINGS = NO;
				TARGETED_DEVICE_FAMILY = "1,2";
				TEST_HOST = "$(BUILT_PRODUCTS_DIR)/CodeStudy.app/CodeStudy";
			};
			name = Release;
		};
		5AD90E632A60F5020039AF05 /* Debug */ = {
			isa = XCBuildConfiguration;
			buildSettings = {
				CODE_SIGN_STYLE = Automatic;
				CURRENT_PROJECT_VERSION = 1;
				DEVELOPMENT_TEAM = CCQP63X7K4;
				GENERATE_INFOPLIST_FILE = YES;
				MARKETING_VERSION = 1.0;
				PRODUCT_BUNDLE_IDENTIFIER = com.NingXia.CodeStudyUITests;
				PRODUCT_NAME = "$(TARGET_NAME)";
				SWIFT_EMIT_LOC_STRINGS = NO;
				TARGETED_DEVICE_FAMILY = "1,2";
				TEST_TARGET_NAME = CodeStudy;
			};
			name = Debug;
		};
		5AD90E642A60F5020039AF05 /* Release */ = {
			isa = XCBuildConfiguration;
			buildSettings = {
				CODE_SIGN_STYLE = Automatic;
				CURRENT_PROJECT_VERSION = 1;
				DEVELOPMENT_TEAM = CCQP63X7K4;
				GENERATE_INFOPLIST_FILE = YES;
				MARKETING_VERSION = 1.0;
				PRODUCT_BUNDLE_IDENTIFIER = com.NingXia.CodeStudyUITests;
				PRODUCT_NAME = "$(TARGET_NAME)";
				SWIFT_EMIT_LOC_STRINGS = NO;
				TARGETED_DEVICE_FAMILY = "1,2";
				TEST_TARGET_NAME = CodeStudy;
			};
			name = Release;
		};
/* End XCBuildConfiguration section */

/* Begin XCConfigurationList section */
		5AD90E282A60F4FE0039AF05 /* Build configuration list for PBXProject "CodeStudy" */ = {
			isa = XCConfigurationList;
			buildConfigurations = (
				5AD90E5A2A60F5020039AF05 /* Debug */,
				5AD90E5B2A60F5020039AF05 /* Release */,
			);
			defaultConfigurationIsVisible = 0;
			defaultConfigurationName = Release;
		};
		5AD90E5C2A60F5020039AF05 /* Build configuration list for PBXNativeTarget "CodeStudy" */ = {
			isa = XCConfigurationList;
			buildConfigurations = (
				5AD90E5D2A60F5020039AF05 /* Debug */,
				5AD90E5E2A60F5020039AF05 /* Release */,
			);
			defaultConfigurationIsVisible = 0;
			defaultConfigurationName = Release;
		};
		5AD90E5F2A60F5020039AF05 /* Build configuration list for PBXNativeTarget "CodeStudyTests" */ = {
			isa = XCConfigurationList;
			buildConfigurations = (
				5AD90E602A60F5020039AF05 /* Debug */,
				5AD90E612A60F5020039AF05 /* Release */,
			);
			defaultConfigurationIsVisible = 0;
			defaultConfigurationName = Release;
		};
		5AD90E622A60F5020039AF05 /* Build configuration list for PBXNativeTarget "CodeStudyUITests" */ = {
			isa = XCConfigurationList;
			buildConfigurations = (
				5AD90E632A60F5020039AF05 /* Debug */,
				5AD90E642A60F5020039AF05 /* Release */,
			);
			defaultConfigurationIsVisible = 0;
			defaultConfigurationName = Release;
		};
/* End XCConfigurationList section */
	};
	rootObject = 5AD90E252A60F4FE0039AF05 /* Project object */;
}
